
Microsoft Visual Studio Solution File, Format Version 12.00
# Visual Studio Version 16
VisualStudioVersion = 16.0.30523.141
MinimumVisualStudioVersion = 10.0.40219.1
Project("{9A19103F-16F7-4668-BE54-9A1E7A4F7556}") = "KeyStroke", "KeyStroke\KeyStroke.csproj", "{205A062C-8D27-4C77-8FD6-6BE9AA1122C8}"
EndProject
Global
	GlobalSection(SolutionConfigurationPlatforms) = preSolution
		Debug|Any CPU = Debug|Any CPU
		Release|Any CPU = Release|Any CPU
	EndGlobalSection
	GlobalSection(ProjectConfigurationPlatforms) = postSolution
		{205A062C-8D27-4C77-8FD6-6BE9AA1122C8}.Debug|Any CPU.ActiveCfg = Debug|Any CPU
		{205A062C-8D27-4C77-8FD6-6BE9AA1122C8}.Debug|Any CPU.Build.0 = Debug|Any CPU
		{205A062C-8D27-4C77-8FD6-6BE9AA1122C8}.Release|Any CPU.ActiveCfg = Release|Any CPU
		{205A062C-8D27-4C77-8FD6-6BE9AA1122C8}.Release|Any CPU.Build.0 = Release|Any CPU
	EndGlobalSection
	GlobalSection(SolutionProperties) = preSolution
		HideSolutionNode = FALSE
	EndGlobalSection
	GlobalSection(ExtensibilityGlobals) = postSolution
		SolutionGuid = {630E5803-0D3F-4E74-B324-5765597F0266}
	EndGlobalSection
EndGlobal
